
Microsoft Visual Studio Solution File, Format Version 12.00
# Visual Studio Version 17
VisualStudioVersion = 17.5.002.0
MinimumVisualStudioVersion = 10.0.40219.1
Project("{2150E333-8FDC-42A3-9474-1A3956D46DE8}") = "csharp-prep", "csharp-prep", "{8E12645B-4EA3-44DB-8558-C583D11B3145}"
EndProject
Project("{9A19103F-16F7-4668-BE54-9A1E7A4F7556}") = "Prep1", "csharp-prep\Prep1\Prep1.csproj", "{80E8B83C-7D2B-4146-AC40-6463F8AC5267}"
EndProject
Project("{9A19103F-16F7-4668-BE54-9A1E7A4F7556}") = "Prep2", "csharp-prep\Prep2\Prep2.csproj", "{2571207B-1736-462C-AD0E-706B995082FD}"
EndProject
Project("{9A19103F-16F7-4668-BE54-9A1E7A4F7556}") = "Prep3", "csharp-prep\Prep3\Prep3.csproj", "{57EED8ED-8754-48D3-9598-E896675C9EE0}"
EndProject
Project("{9A19103F-16F7-4668-BE54-9A1E7A4F7556}") = "Prep4", "csharp-prep\Prep4\Prep4.csproj", "{6D07D150-37E3-4060-8F7B-F2E7177A8068}"
EndProject
Project("{9A19103F-16F7-4668-BE54-9A1E7A4F7556}") = "Prep5", "csharp-prep\Prep5\Prep5.csproj", "{3CE5028E-3DE9-412F-B758-8DF135F1A9A2}"
EndProject
Project("{2150E333-8FDC-42A3-9474-1A3956D46DE8}") = "final", "final", "{F7682E8A-0B3E-485C-B30A-3C37468C56A4}"
EndProject
Project("{9A19103F-16F7-4668-BE54-9A1E7A4F7556}") = "FinalProject", "final\FinalProject\FinalProject.csproj", "{9EF12ED4-CB11-4FAF-9AC4-1E8692EB2B9A}"
EndProject
Project("{9A19103F-16F7-4668-BE54-9A1E7A4F7556}") = "Foundation1", "final\Foundation1\Foundation1.csproj", "{F4312B28-4AA2-4FBF-B3F5-D058723D4CE4}"
EndProject
Project("{9A19103F-16F7-4668-BE54-9A1E7A4F7556}") = "Foundation2", "final\Foundation2\Foundation2.csproj", "{24A582C2-5811-4D73-BB5F-709B4FCAC40C}"
EndProject
Project("{9A19103F-16F7-4668-BE54-9A1E7A4F7556}") = "Foundation3", "final\Foundation3\Foundation3.csproj", "{2A966D10-D298-4791-97BA-828A12CB339D}"
EndProject
Project("{9A19103F-16F7-4668-BE54-9A1E7A4F7556}") = "Foundation4", "final\Foundation4\Foundation4.csproj", "{54C66D58-C4DB-4A8F-AA7C-71B85E74926D}"
EndProject
Project("{2150E333-8FDC-42A3-9474-1A3956D46DE8}") = "prepare", "prepare", "{94EF2DC1-9F88-4A70-B9E8-9A22E1D78313}"
EndProject
Project("{9A19103F-16F7-4668-BE54-9A1E7A4F7556}") = "Learning02", "prepare\Learning02\Learning02.csproj", "{D12DA3B2-F4B3-4C21-81AC-985047B66956}"
EndProject
Project("{9A19103F-16F7-4668-BE54-9A1E7A4F7556}") = "Learning03", "prepare\Learning03\Learning03.csproj", "{231AFD28-B332-43A1-B4CC-484ED53349A3}"
EndProject
Project("{9A19103F-16F7-4668-BE54-9A1E7A4F7556}") = "Learning04", "prepare\Learning04\Learning04.csproj", "{C1DC436E-26AD-495E-9F45-6FF6361417AC}"
EndProject
Project("{9A19103F-16F7-4668-BE54-9A1E7A4F7556}") = "Learning05", "prepare\Learning05\Learning05.csproj", "{14DBC37C-DD00-43D0-93B8-34D3CCEA2791}"
EndProject
Project("{2150E333-8FDC-42A3-9474-1A3956D46DE8}") = "prove", "prove", "{21B8F52F-BEB5-4D94-B5FB-2FE4AD804208}"
EndProject
Project("{9A19103F-16F7-4668-BE54-9A1E7A4F7556}") = "Develop02", "prove\Develop02\Develop02.csproj", "{7C4B3820-4E1A-4787-9028-B860BF0B60AC}"
EndProject
Project("{9A19103F-16F7-4668-BE54-9A1E7A4F7556}") = "Develop03", "prove\Develop03\Develop03.csproj", "{0FE6D2A7-C558-4862-9545-9F7C967484FE}"
EndProject
Project("{9A19103F-16F7-4668-BE54-9A1E7A4F7556}") = "Develop04", "prove\Develop04\Develop04.csproj", "{8ECAE2CA-7FC4-4E43-89F8-84C500F3019C}"
EndProject
Project("{9A19103F-16F7-4668-BE54-9A1E7A4F7556}") = "Develop05", "prove\Develop05\Develop05.csproj", "{76BF330A-2EA8-4280-9801-650189500234}"
EndProject
Project("{2150E333-8FDC-42A3-9474-1A3956D46DE8}") = "sandbox", "sandbox", "{684D8333-7066-4A93-B753-368C7296CC8E}"
EndProject
Project("{9A19103F-16F7-4668-BE54-9A1E7A4F7556}") = "Sandbox", "sandbox\Sandbox\Sandbox.csproj", "{C3C67E29-638C-4A12-B8AE-0662F1470565}"
EndProject
Global
	GlobalSection(SolutionConfigurationPlatforms) = preSolution
		Debug|Any CPU = Debug|Any CPU
		Release|Any CPU = Release|Any CPU
	EndGlobalSection
	GlobalSection(ProjectConfigurationPlatforms) = postSolution
		{80E8B83C-7D2B-4146-AC40-6463F8AC5267}.Debug|Any CPU.ActiveCfg = Debug|Any CPU
		{80E8B83C-7D2B-4146-AC40-6463F8AC5267}.Debug|Any CPU.Build.0 = Debug|Any CPU
		{80E8B83C-7D2B-4146-AC40-6463F8AC5267}.Release|Any CPU.ActiveCfg = Release|Any CPU
		{80E8B83C-7D2B-4146-AC40-6463F8AC5267}.Release|Any CPU.Build.0 = Release|Any CPU
		{2571207B-1736-462C-AD0E-706B995082FD}.Debug|Any CPU.ActiveCfg = Debug|Any CPU
		{2571207B-1736-462C-AD0E-706B995082FD}.Debug|Any CPU.Build.0 = Debug|Any CPU
		{2571207B-1736-462C-AD0E-706B995082FD}.Release|Any CPU.ActiveCfg = Release|Any CPU
		{2571207B-1736-462C-AD0E-706B995082FD}.Release|Any CPU.Build.0 = Release|Any CPU
		{57EED8ED-8754-48D3-9598-E896675C9EE0}.Debug|Any CPU.ActiveCfg = Debug|Any CPU
		{57EED8ED-8754-48D3-9598-E896675C9EE0}.Debug|Any CPU.Build.0 = Debug|Any CPU
		{57EED8ED-8754-48D3-9598-E896675C9EE0}.Release|Any CPU.ActiveCfg = Release|Any CPU
		{57EED8ED-8754-48D3-9598-E896675C9EE0}.Release|Any CPU.Build.0 = Release|Any CPU
		{6D07D150-37E3-4060-8F7B-F2E7177A8068}.Debug|Any CPU.ActiveCfg = Debug|Any CPU
		{6D07D150-37E3-4060-8F7B-F2E7177A8068}.Debug|Any CPU.Build.0 = Debug|Any CPU
		{6D07D150-37E3-4060-8F7B-F2E7177A8068}.Release|Any CPU.ActiveCfg = Release|Any CPU
		{6D07D150-37E3-4060-8F7B-F2E7177A8068}.Release|Any CPU.Build.0 = Release|Any CPU
		{3CE5028E-3DE9-412F-B758-8DF135F1A9A2}.Debug|Any CPU.ActiveCfg = Debug|Any CPU
		{3CE5028E-3DE9-412F-B758-8DF135F1A9A2}.Debug|Any CPU.Build.0 = Debug|Any CPU
		{3CE5028E-3DE9-412F-B758-8DF135F1A9A2}.Release|Any CPU.ActiveCfg = Release|Any CPU
		{3CE5028E-3DE9-412F-B758-8DF135F1A9A2}.Release|Any CPU.Build.0 = Release|Any CPU
		{9EF12ED4-CB11-4FAF-9AC4-1E8692EB2B9A}.Debug|Any CPU.ActiveCfg = Debug|Any CPU
		{9EF12ED4-CB11-4FAF-9AC4-1E8692EB2B9A}.Debug|Any CPU.Build.0 = Debug|Any CPU
		{9EF12ED4-CB11-4FAF-9AC4-1E8692EB2B9A}.Release|Any CPU.ActiveCfg = Release|Any CPU
		{9EF12ED4-CB11-4FAF-9AC4-1E8692EB2B9A}.Release|Any CPU.Build.0 = Release|Any CPU
		{F4312B28-4AA2-4FBF-B3F5-D058723D4CE4}.Debug|Any CPU.ActiveCfg = Debug|Any CPU
		{F4312B28-4AA2-4FBF-B3F5-D058723D4CE4}.Debug|Any CPU.Build.0 = Debug|Any CPU
		{F4312B28-4AA2-4FBF-B3F5-D058723D4CE4}.Release|Any CPU.ActiveCfg = Release|Any CPU
		{F4312B28-4AA2-4FBF-B3F5-D058723D4CE4}.Release|Any CPU.Build.0 = Release|Any CPU
		{24A582C2-5811-4D73-BB5F-709B4FCAC40C}.Debug|Any CPU.ActiveCfg = Debug|Any CPU
		{24A582C2-5811-4D73-BB5F-709B4FCAC40C}.Debug|Any CPU.Build.0 = Debug|Any CPU
		{24A582C2-5811-4D73-BB5F-709B4FCAC40C}.Release|Any CPU.ActiveCfg = Release|Any CPU
		{24A582C2-5811-4D73-BB5F-709B4FCAC40C}.Release|Any CPU.Build.0 = Release|Any CPU
		{2A966D10-D298-4791-97BA-828A12CB339D}.Debug|Any CPU.ActiveCfg = Debug|Any CPU
		{2A966D10-D298-4791-97BA-828A12CB339D}.Debug|Any CPU.Build.0 = Debug|Any CPU
		{2A966D10-D298-4791-97BA-828A12CB339D}.Release|Any CPU.ActiveCfg = Release|Any CPU
		{2A966D10-D298-4791-97BA-828A12CB339D}.Release|Any CPU.Build.0 = Release|Any CPU
		{54C66D58-C4DB-4A8F-AA7C-71B85E74926D}.Debug|Any CPU.ActiveCfg = Debug|Any CPU
		{54C66D58-C4DB-4A8F-AA7C-71B85E74926D}.Debug|Any CPU.Build.0 = Debug|Any CPU
		{54C66D58-C4DB-4A8F-AA7C-71B85E74926D}.Release|Any CPU.ActiveCfg = Release|Any CPU
		{54C66D58-C4DB-4A8F-AA7C-71B85E74926D}.Release|Any CPU.Build.0 = Release|Any CPU
		{D12DA3B2-F4B3-4C21-81AC-985047B66956}.Debug|Any CPU.ActiveCfg = Debug|Any CPU
		{D12DA3B2-F4B3-4C21-81AC-985047B66956}.Debug|Any CPU.Build.0 = Debug|Any CPU
		{D12DA3B2-F4B3-4C21-81AC-985047B66956}.Release|Any CPU.ActiveCfg = Release|Any CPU
		{D12DA3B2-F4B3-4C21-81AC-985047B66956}.Release|Any CPU.Build.0 = Release|Any CPU
		{231AFD28-B332-43A1-B4CC-484ED53349A3}.Debug|Any CPU.ActiveCfg = Debug|Any CPU
		{231AFD28-B332-43A1-B4CC-484ED53349A3}.Debug|Any CPU.Build.0 = Debug|Any CPU
		{231AFD28-B332-43A1-B4CC-484ED53349A3}.Release|Any CPU.ActiveCfg = Release|Any CPU
		{231AFD28-B332-43A1-B4CC-484ED53349A3}.Release|Any CPU.Build.0 = Release|Any CPU
		{C1DC436E-26AD-495E-9F45-6FF6361417AC}.Debug|Any CPU.ActiveCfg = Debug|Any CPU
		{C1DC436E-26AD-495E-9F45-6FF6361417AC}.Debug|Any CPU.Build.0 = Debug|Any CPU
		{C1DC436E-26AD-495E-9F45-6FF6361417AC}.Release|Any CPU.ActiveCfg = Release|Any CPU
		{C1DC436E-26AD-495E-9F45-6FF6361417AC}.Release|Any CPU.Build.0 = Release|Any CPU
		{14DBC37C-DD00-43D0-93B8-34D3CCEA2791}.Debug|Any CPU.ActiveCfg = Debug|Any CPU
		{14DBC37C-DD00-43D0-93B8-34D3CCEA2791}.Debug|Any CPU.Build.0 = Debug|Any CPU
		{14DBC37C-DD00-43D0-93B8-34D3CCEA2791}.Release|Any CPU.ActiveCfg = Release|Any CPU
		{14DBC37C-DD00-43D0-93B8-34D3CCEA2791}.Release|Any CPU.Build.0 = Release|Any CPU
		{7C4B3820-4E1A-4787-9028-B860BF0B60AC}.Debug|Any CPU.ActiveCfg = Debug|Any CPU
		{7C4B3820-4E1A-4787-9028-B860BF0B60AC}.Debug|Any CPU.Build.0 = Debug|Any CPU
		{7C4B3820-4E1A-4787-9028-B860BF0B60AC}.Release|Any CPU.ActiveCfg = Release|Any CPU
		{7C4B3820-4E1A-4787-9028-B860BF0B60AC}.Release|Any CPU.Build.0 = Release|Any CPU
		{0FE6D2A7-C558-4862-9545-9F7C967484FE}.Debug|Any CPU.ActiveCfg = Debug|Any CPU
		{0FE6D2A7-C558-4862-9545-9F7C967484FE}.Debug|Any CPU.Build.0 = Debug|Any CPU
		{0FE6D2A7-C558-4862-9545-9F7C967484FE}.Release|Any CPU.ActiveCfg = Release|Any CPU
		{0FE6D2A7-C558-4862-9545-9F7C967484FE}.Release|Any CPU.Build.0 = Release|Any CPU
		{8ECAE2CA-7FC4-4E43-89F8-84C500F3019C}.Debug|Any CPU.ActiveCfg = Debug|Any CPU
		{8ECAE2CA-7FC4-4E43-89F8-84C500F3019C}.Debug|Any CPU.Build.0 = Debug|Any CPU
		{8ECAE2CA-7FC4-4E43-89F8-84C500F3019C}.Release|Any CPU.ActiveCfg = Release|Any CPU
		{8ECAE2CA-7FC4-4E43-89F8-84C500F3019C}.Release|Any CPU.Build.0 = Release|Any CPU
		{76BF330A-2EA8-4280-9801-650189500234}.Debug|Any CPU.ActiveCfg = Debug|Any CPU
		{76BF330A-2EA8-4280-9801-650189500234}.Debug|Any CPU.Build.0 = Debug|Any CPU
		{76BF330A-2EA8-4280-9801-650189500234}.Release|Any CPU.ActiveCfg = Release|Any CPU
		{76BF330A-2EA8-4280-9801-650189500234}.Release|Any CPU.Build.0 = Release|Any CPU
		{C3C67E29-638C-4A12-B8AE-0662F1470565}.Debug|Any CPU.ActiveCfg = Debug|Any CPU
		{C3C67E29-638C-4A12-B8AE-0662F1470565}.Debug|Any CPU.Build.0 = Debug|Any CPU
		{C3C67E29-638C-4A12-B8AE-0662F1470565}.Release|Any CPU.ActiveCfg = Release|Any CPU
		{C3C67E29-638C-4A12-B8AE-0662F1470565}.Release|Any CPU.Build.0 = Release|Any CPU
	EndGlobalSection
	GlobalSection(SolutionProperties) = preSolution
		HideSolutionNode = FALSE
	EndGlobalSection
	GlobalSection(NestedProjects) = preSolution
		{80E8B83C-7D2B-4146-AC40-6463F8AC5267} = {8E12645B-4EA3-44DB-8558-C583D11B3145}
		{2571207B-1736-462C-AD0E-706B995082FD} = {8E12645B-4EA3-44DB-8558-C583D11B3145}
		{57EED8ED-8754-48D3-9598-E896675C9EE0} = {8E12645B-4EA3-44DB-8558-C583D11B3145}
		{6D07D150-37E3-4060-8F7B-F2E7177A8068} = {8E12645B-4EA3-44DB-8558-C583D11B3145}
		{3CE5028E-3DE9-412F-B758-8DF135F1A9A2} = {8E12645B-4EA3-44DB-8558-C583D11B3145}
		{9EF12ED4-CB11-4FAF-9AC4-1E8692EB2B9A} = {F7682E8A-0B3E-485C-B30A-3C37468C56A4}
		{F4312B28-4AA2-4FBF-B3F5-D058723D4CE4} = {F7682E8A-0B3E-485C-B30A-3C37468C56A4}
		{24A582C2-5811-4D73-BB5F-709B4FCAC40C} = {F7682E8A-0B3E-485C-B30A-3C37468C56A4}
		{2A966D10-D298-4791-97BA-828A12CB339D} = {F7682E8A-0B3E-485C-B30A-3C37468C56A4}
		{54C66D58-C4DB-4A8F-AA7C-71B85E74926D} = {F7682E8A-0B3E-485C-B30A-3C37468C56A4}
		{D12DA3B2-F4B3-4C21-81AC-985047B66956} = {94EF2DC1-9F88-4A70-B9E8-9A22E1D78313}
		{231AFD28-B332-43A1-B4CC-484ED53349A3} = {94EF2DC1-9F88-4A70-B9E8-9A22E1D78313}
		{C1DC436E-26AD-495E-9F45-6FF6361417AC} = {94EF2DC1-9F88-4A70-B9E8-9A22E1D78313}
		{14DBC37C-DD00-43D0-93B8-34D3CCEA2791} = {94EF2DC1-9F88-4A70-B9E8-9A22E1D78313}
		{7C4B3820-4E1A-4787-9028-B860BF0B60AC} = {21B8F52F-BEB5-4D94-B5FB-2FE4AD804208}
		{0FE6D2A7-C558-4862-9545-9F7C967484FE} = {21B8F52F-BEB5-4D94-B5FB-2FE4AD804208}
		{8ECAE2CA-7FC4-4E43-89F8-84C500F3019C} = {21B8F52F-BEB5-4D94-B5FB-2FE4AD804208}
		{76BF330A-2EA8-4280-9801-650189500234} = {21B8F52F-BEB5-4D94-B5FB-2FE4AD804208}
		{C3C67E29-638C-4A12-B8AE-0662F1470565} = {684D8333-7066-4A93-B753-368C7296CC8E}
	EndGlobalSection
	GlobalSection(ExtensibilityGlobals) = postSolution
		SolutionGuid = {E7A6A919-D257-4C61-9807-7191E3495BEA}
	EndGlobalSection
EndGlobal
